
Microsoft Visual Studio Solution File, Format Version 12.00
# Visual Studio Version 17
VisualStudioVersion = 17.8.34316.72
MinimumVisualStudioVersion = 10.0.40219.1
Project("{FAE04EC0-301F-11D3-BF4B-00C04F79EFBC}") = "Example 4 ConsoleApp", "Example 4 ConsoleApp.csproj", "{145E5C89-4A9A-4E55-A261-0760AA2F6A78}"
EndProject
Global
	GlobalSection(SolutionConfigurationPlatforms) = preSolution
		Debug|Any CPU = Debug|Any CPU
		Release|Any CPU = Release|Any CPU
	EndGlobalSection
	GlobalSection(ProjectConfigurationPlatforms) = postSolution
		{145E5C89-4A9A-4E55-A261-0760AA2F6A78}.Debug|Any CPU.ActiveCfg = Debug|Any CPU
		{145E5C89-4A9A-4E55-A261-0760AA2F6A78}.Debug|Any CPU.Build.0 = Debug|Any CPU
		{145E5C89-4A9A-4E55-A261-0760AA2F6A78}.Release|Any CPU.ActiveCfg = Release|Any CPU
		{145E5C89-4A9A-4E55-A261-0760AA2F6A78}.Release|Any CPU.Build.0 = Release|Any CPU
	EndGlobalSection
	GlobalSection(SolutionProperties) = preSolution
		HideSolutionNode = FALSE
	EndGlobalSection
	GlobalSection(ExtensibilityGlobals) = postSolution
		SolutionGuid = {F9BE49DE-E8FB-402D-9C11-791A6E6BCB48}
	EndGlobalSection
EndGlobal
